
Microsoft Visual Studio Solution File, Format Version 12.00
# Visual Studio Version 17
VisualStudioVersion = 17.11.35327.3
MinimumVisualStudioVersion = 10.0.40219.1
Project("{FAE04EC0-301F-11D3-BF4B-00C04F79EFBC}") = "HomeWorkWithArray", "HomeWorkWithArray\HomeWorkWithArray.csproj", "{1BE1DF3E-6A2E-4020-B7A5-0D9FDD3B722A}"
EndProject
Global
	GlobalSection(SolutionConfigurationPlatforms) = preSolution
		Debug|Any CPU = Debug|Any CPU
		Release|Any CPU = Release|Any CPU
	EndGlobalSection
	GlobalSection(ProjectConfigurationPlatforms) = postSolution
		{1BE1DF3E-6A2E-4020-B7A5-0D9FDD3B722A}.Debug|Any CPU.ActiveCfg = Debug|Any CPU
		{1BE1DF3E-6A2E-4020-B7A5-0D9FDD3B722A}.Debug|Any CPU.Build.0 = Debug|Any CPU
		{1BE1DF3E-6A2E-4020-B7A5-0D9FDD3B722A}.Release|Any CPU.ActiveCfg = Release|Any CPU
		{1BE1DF3E-6A2E-4020-B7A5-0D9FDD3B722A}.Release|Any CPU.Build.0 = Release|Any CPU
	EndGlobalSection
	GlobalSection(SolutionProperties) = preSolution
		HideSolutionNode = FALSE
	EndGlobalSection
	GlobalSection(ExtensibilityGlobals) = postSolution
		SolutionGuid = {C50477A4-1805-4A09-A3CB-64D785FBB3BB}
	EndGlobalSection
EndGlobal
